
Microsoft Visual Studio Solution File, Format Version 12.00
# Visual Studio Version 17
VisualStudioVersion = 17.8.34330.188
MinimumVisualStudioVersion = 10.0.40219.1
Project("{FAE04EC0-301F-11D3-BF4B-00C04F79EFBC}") = "Ecommerce", "Ecommerce\Ecommerce.csproj", "{E1D882E5-6751-4A0C-BA61-C1FAEA5CDBDB}"
EndProject
Global
	GlobalSection(SolutionConfigurationPlatforms) = preSolution
		Debug|Any CPU = Debug|Any CPU
		Release|Any CPU = Release|Any CPU
	EndGlobalSection
	GlobalSection(ProjectConfigurationPlatforms) = postSolution
		{E1D882E5-6751-4A0C-BA61-C1FAEA5CDBDB}.Debug|Any CPU.ActiveCfg = Debug|Any CPU
		{E1D882E5-6751-4A0C-BA61-C1FAEA5CDBDB}.Debug|Any CPU.Build.0 = Debug|Any CPU
		{E1D882E5-6751-4A0C-BA61-C1FAEA5CDBDB}.Release|Any CPU.ActiveCfg = Release|Any CPU
		{E1D882E5-6751-4A0C-BA61-C1FAEA5CDBDB}.Release|Any CPU.Build.0 = Release|Any CPU
	EndGlobalSection
	GlobalSection(SolutionProperties) = preSolution
		HideSolutionNode = FALSE
	EndGlobalSection
	GlobalSection(ExtensibilityGlobals) = postSolution
		SolutionGuid = {22432F07-2F06-4E18-B303-92CE53B510EB}
	EndGlobalSection
EndGlobal
